
Microsoft Visual Studio Solution File, Format Version 12.00
# Visual Studio Version 17
VisualStudioVersion = 17.3.32922.545
MinimumVisualStudioVersion = 10.0.40219.1
Project("{FAE04EC0-301F-11D3-BF4B-00C04F79EFBC}") = "AverageVarianceDistribution", "AverageVarianceDistribution\AverageVarianceDistribution.csproj", "{59277E95-F277-47B3-9618-FF51C625A85A}"
EndProject
Global
	GlobalSection(SolutionConfigurationPlatforms) = preSolution
		Debug|Any CPU = Debug|Any CPU
		Release|Any CPU = Release|Any CPU
	EndGlobalSection
	GlobalSection(ProjectConfigurationPlatforms) = postSolution
		{59277E95-F277-47B3-9618-FF51C625A85A}.Debug|Any CPU.ActiveCfg = Debug|Any CPU
		{59277E95-F277-47B3-9618-FF51C625A85A}.Debug|Any CPU.Build.0 = Debug|Any CPU
		{59277E95-F277-47B3-9618-FF51C625A85A}.Release|Any CPU.ActiveCfg = Release|Any CPU
		{59277E95-F277-47B3-9618-FF51C625A85A}.Release|Any CPU.Build.0 = Release|Any CPU
	EndGlobalSection
	GlobalSection(SolutionProperties) = preSolution
		HideSolutionNode = FALSE
	EndGlobalSection
	GlobalSection(ExtensibilityGlobals) = postSolution
		SolutionGuid = {1A2737C0-928A-4436-8AEB-967EFED8B772}
	EndGlobalSection
EndGlobal
