
Microsoft Visual Studio Solution File, Format Version 12.00
# Visual Studio Version 17
VisualStudioVersion = 17.3.32922.545
MinimumVisualStudioVersion = 10.0.40219.1
Project("{FAE04EC0-301F-11D3-BF4B-00C04F79EFBC}") = "InterArrivalTimes", "InterArrivalTimes\InterArrivalTimes.csproj", "{07F94894-81C2-4068-A5E8-958ECDD944EE}"
EndProject
Global
	GlobalSection(SolutionConfigurationPlatforms) = preSolution
		Debug|Any CPU = Debug|Any CPU
		Release|Any CPU = Release|Any CPU
	EndGlobalSection
	GlobalSection(ProjectConfigurationPlatforms) = postSolution
		{07F94894-81C2-4068-A5E8-958ECDD944EE}.Debug|Any CPU.ActiveCfg = Debug|Any CPU
		{07F94894-81C2-4068-A5E8-958ECDD944EE}.Debug|Any CPU.Build.0 = Debug|Any CPU
		{07F94894-81C2-4068-A5E8-958ECDD944EE}.Release|Any CPU.ActiveCfg = Release|Any CPU
		{07F94894-81C2-4068-A5E8-958ECDD944EE}.Release|Any CPU.Build.0 = Release|Any CPU
	EndGlobalSection
	GlobalSection(SolutionProperties) = preSolution
		HideSolutionNode = FALSE
	EndGlobalSection
	GlobalSection(ExtensibilityGlobals) = postSolution
		SolutionGuid = {F94CC8CD-8643-42F5-8DD9-0931E0B7E9C1}
	EndGlobalSection
EndGlobal
